
Microsoft Visual Studio Solution File, Format Version 12.00
# Visual Studio Version 17
VisualStudioVersion = 17.13.35931.197 d17.13
MinimumVisualStudioVersion = 10.0.40219.1
Project("{FAE04EC0-301F-11D3-BF4B-00C04F79EFBC}") = "HotelObjects", "HotelObjects\HotelObjects.csproj", "{33F41B5C-BCDD-40D5-A995-4E1C1D35905A}"
EndProject
Project("{FAE04EC0-301F-11D3-BF4B-00C04F79EFBC}") = "DataAccessLayer", "DataAccessLayer\DataAccessLayer.csproj", "{3679108E-41D9-4346-9CEA-BA54424A71D3}"
EndProject
Project("{FAE04EC0-301F-11D3-BF4B-00C04F79EFBC}") = "Repositories", "Repositories\Repositories.csproj", "{8CA55E28-D358-4B6C-8431-A2986F6361E4}"
EndProject
Project("{FAE04EC0-301F-11D3-BF4B-00C04F79EFBC}") = "Services", "Services\Services.csproj", "{87528695-BFB9-47A9-A119-DB6F5317E2F1}"
EndProject
Project("{FAE04EC0-301F-11D3-BF4B-00C04F79EFBC}") = "WPFApp", "WPFApp\WPFApp.csproj", "{787BAD32-0ACB-4DB8-A6C2-467E816CE61D}"
EndProject
Global
	GlobalSection(SolutionConfigurationPlatforms) = preSolution
		Debug|Any CPU = Debug|Any CPU
		Release|Any CPU = Release|Any CPU
	EndGlobalSection
	GlobalSection(ProjectConfigurationPlatforms) = postSolution
		{33F41B5C-BCDD-40D5-A995-4E1C1D35905A}.Debug|Any CPU.ActiveCfg = Debug|Any CPU
		{33F41B5C-BCDD-40D5-A995-4E1C1D35905A}.Debug|Any CPU.Build.0 = Debug|Any CPU
		{33F41B5C-BCDD-40D5-A995-4E1C1D35905A}.Release|Any CPU.ActiveCfg = Release|Any CPU
		{33F41B5C-BCDD-40D5-A995-4E1C1D35905A}.Release|Any CPU.Build.0 = Release|Any CPU
		{3679108E-41D9-4346-9CEA-BA54424A71D3}.Debug|Any CPU.ActiveCfg = Debug|Any CPU
		{3679108E-41D9-4346-9CEA-BA54424A71D3}.Debug|Any CPU.Build.0 = Debug|Any CPU
		{3679108E-41D9-4346-9CEA-BA54424A71D3}.Release|Any CPU.ActiveCfg = Release|Any CPU
		{3679108E-41D9-4346-9CEA-BA54424A71D3}.Release|Any CPU.Build.0 = Release|Any CPU
		{8CA55E28-D358-4B6C-8431-A2986F6361E4}.Debug|Any CPU.ActiveCfg = Debug|Any CPU
		{8CA55E28-D358-4B6C-8431-A2986F6361E4}.Debug|Any CPU.Build.0 = Debug|Any CPU
		{8CA55E28-D358-4B6C-8431-A2986F6361E4}.Release|Any CPU.ActiveCfg = Release|Any CPU
		{8CA55E28-D358-4B6C-8431-A2986F6361E4}.Release|Any CPU.Build.0 = Release|Any CPU
		{87528695-BFB9-47A9-A119-DB6F5317E2F1}.Debug|Any CPU.ActiveCfg = Debug|Any CPU
		{87528695-BFB9-47A9-A119-DB6F5317E2F1}.Debug|Any CPU.Build.0 = Debug|Any CPU
		{87528695-BFB9-47A9-A119-DB6F5317E2F1}.Release|Any CPU.ActiveCfg = Release|Any CPU
		{87528695-BFB9-47A9-A119-DB6F5317E2F1}.Release|Any CPU.Build.0 = Release|Any CPU
		{787BAD32-0ACB-4DB8-A6C2-467E816CE61D}.Debug|Any CPU.ActiveCfg = Debug|Any CPU
		{787BAD32-0ACB-4DB8-A6C2-467E816CE61D}.Debug|Any CPU.Build.0 = Debug|Any CPU
		{787BAD32-0ACB-4DB8-A6C2-467E816CE61D}.Release|Any CPU.ActiveCfg = Release|Any CPU
		{787BAD32-0ACB-4DB8-A6C2-467E816CE61D}.Release|Any CPU.Build.0 = Release|Any CPU
	EndGlobalSection
	GlobalSection(SolutionProperties) = preSolution
		HideSolutionNode = FALSE
	EndGlobalSection
	GlobalSection(ExtensibilityGlobals) = postSolution
		SolutionGuid = {A06B2154-EBDE-482F-96F3-0FB0C50616DA}
	EndGlobalSection
EndGlobal
