
Microsoft Visual Studio Solution File, Format Version 12.00
# Visual Studio Version 17
VisualStudioVersion = 17.13.35931.197 d17.13
MinimumVisualStudioVersion = 10.0.40219.1
Project("{FAE04EC0-301F-11D3-BF4B-00C04F79EFBC}") = "CodeFirstDemo", "CodeFirstDemo\CodeFirstDemo.csproj", "{00D59170-8EF4-4B13-AD94-040462DAE94B}"
EndProject
Global
	GlobalSection(SolutionConfigurationPlatforms) = preSolution
		Debug|Any CPU = Debug|Any CPU
		Release|Any CPU = Release|Any CPU
	EndGlobalSection
	GlobalSection(ProjectConfigurationPlatforms) = postSolution
		{00D59170-8EF4-4B13-AD94-040462DAE94B}.Debug|Any CPU.ActiveCfg = Debug|Any CPU
		{00D59170-8EF4-4B13-AD94-040462DAE94B}.Debug|Any CPU.Build.0 = Debug|Any CPU
		{00D59170-8EF4-4B13-AD94-040462DAE94B}.Release|Any CPU.ActiveCfg = Release|Any CPU
		{00D59170-8EF4-4B13-AD94-040462DAE94B}.Release|Any CPU.Build.0 = Release|Any CPU
	EndGlobalSection
	GlobalSection(SolutionProperties) = preSolution
		HideSolutionNode = FALSE
	EndGlobalSection
	GlobalSection(ExtensibilityGlobals) = postSolution
		SolutionGuid = {E1673B8E-375E-4221-8098-7F43C8082AA7}
	EndGlobalSection
EndGlobal
