
Microsoft Visual Studio Solution File, Format Version 12.00
# Visual Studio Version 17
VisualStudioVersion = 17.13.35931.197 d17.13
MinimumVisualStudioVersion = 10.0.40219.1
Project("{FAE04EC0-301F-11D3-BF4B-00C04F79EFBC}") = "HW1", "HW1\HW1.csproj", "{4025A4A0-74BA-43F0-BBD9-8186CAB4FABA}"
EndProject
Global
	GlobalSection(SolutionConfigurationPlatforms) = preSolution
		Debug|Any CPU = Debug|Any CPU
		Release|Any CPU = Release|Any CPU
	EndGlobalSection
	GlobalSection(ProjectConfigurationPlatforms) = postSolution
		{4025A4A0-74BA-43F0-BBD9-8186CAB4FABA}.Debug|Any CPU.ActiveCfg = Debug|Any CPU
		{4025A4A0-74BA-43F0-BBD9-8186CAB4FABA}.Debug|Any CPU.Build.0 = Debug|Any CPU
		{4025A4A0-74BA-43F0-BBD9-8186CAB4FABA}.Release|Any CPU.ActiveCfg = Release|Any CPU
		{4025A4A0-74BA-43F0-BBD9-8186CAB4FABA}.Release|Any CPU.Build.0 = Release|Any CPU
	EndGlobalSection
	GlobalSection(SolutionProperties) = preSolution
		HideSolutionNode = FALSE
	EndGlobalSection
	GlobalSection(ExtensibilityGlobals) = postSolution
		SolutionGuid = {3162C9AC-7469-49D7-B616-15AAEA001162}
	EndGlobalSection
EndGlobal
